
Microsoft Visual Studio Solution File, Format Version 12.00
# Visual Studio Version 17
VisualStudioVersion = 17.4.33213.308
MinimumVisualStudioVersion = 10.0.40219.1
Project("{FAE04EC0-301F-11D3-BF4B-00C04F79EFBC}") = "WebApplication1", "WebApplication1\WebApplication1.csproj", "{EDB832D7-CD44-4C05-8D78-E7C3E0C09B88}"
EndProject
Global
	GlobalSection(SolutionConfigurationPlatforms) = preSolution
		Debug|Any CPU = Debug|Any CPU
		Release|Any CPU = Release|Any CPU
	EndGlobalSection
	GlobalSection(ProjectConfigurationPlatforms) = postSolution
		{EDB832D7-CD44-4C05-8D78-E7C3E0C09B88}.Debug|Any CPU.ActiveCfg = Debug|Any CPU
		{EDB832D7-CD44-4C05-8D78-E7C3E0C09B88}.Debug|Any CPU.Build.0 = Debug|Any CPU
		{EDB832D7-CD44-4C05-8D78-E7C3E0C09B88}.Release|Any CPU.ActiveCfg = Release|Any CPU
		{EDB832D7-CD44-4C05-8D78-E7C3E0C09B88}.Release|Any CPU.Build.0 = Release|Any CPU
	EndGlobalSection
	GlobalSection(SolutionProperties) = preSolution
		HideSolutionNode = FALSE
	EndGlobalSection
	GlobalSection(ExtensibilityGlobals) = postSolution
		SolutionGuid = {61B3333F-1230-4575-8E2D-5E6B4208DB8A}
	EndGlobalSection
EndGlobal
